{
  "nodes": {
    "darwin": {
      "inputs": {
        "nixpkgs": [
          "nixpkgs"
        ]
      },
      "locked": {
        "lastModified": 1729382845,
        "narHash": "sha256-REiWck1zIOnZIgGmmOWfwvkQw1f4UrBsxxOSKVSAG4w=",
        "owner": "lnl7",
        "repo": "nix-darwin",
        "rev": "a001f44cfc47164839eb61c6b1e7f4288813f7e8",
        "type": "github"
      },
      "original": {
        "owner": "lnl7",
        "ref": "master",
        "repo": "nix-darwin",
        "type": "github"
      }
    },
    "disko": {
      "inputs": {
        "nixpkgs": [
          "nixpkgs"
        ]
      },
      "locked": {
        "lastModified": 1729281548,
        "narHash": "sha256-MuojlSnwAJAwfhgmW8ZtZrwm2Sko4fqubCvReqbUzYw=",
        "owner": "nix-community",
        "repo": "disko",
        "rev": "a6a3179ddf396dfc28a078e2f169354d0c137125",
        "type": "github"
      },
      "original": {
        "owner": "nix-community",
        "repo": "disko",
        "type": "github"
      }
    },
    "dotfiles-private": {
      "inputs": {
        "nixpkgs": [
          "nixpkgs"
        ]
      },
      "locked": {
        "lastModified": 1726997277,
        "narHash": "sha256-Nw6ty7JDN/ihNECORC1SHhDPZmnkhSaTFYXwxQJ55yA=",
        "ref": "refs/heads/main",
        "rev": "1cf2f395c2d1638cf50322e997aee5a218a1591f",
        "revCount": 11,
        "type": "git",
        "url": "ssh://git@github.com/bphenriques/dotfiles-private"
      },
      "original": {
        "type": "git",
        "url": "ssh://git@github.com/bphenriques/dotfiles-private"
      }
    },
    "flake-utils": {
      "inputs": {
        "systems": "systems"
      },
      "locked": {
        "lastModified": 1705309234,
        "narHash": "sha256-uNRRNRKmJyCRC/8y1RqBkqWBLM034y4qN7EprSdmgyA=",
        "owner": "numtide",
        "repo": "flake-utils",
        "rev": "1ef2e671c3b0c19053962c07dbda38332dcebf26",
        "type": "github"
      },
      "original": {
        "owner": "numtide",
        "repo": "flake-utils",
        "type": "github"
      }
    },
    "ghostty": {
      "inputs": {
        "nixpkgs-stable": "nixpkgs-stable",
        "nixpkgs-unstable": "nixpkgs-unstable",
        "zig": "zig"
      },
      "locked": {
        "lastModified": 1729515458,
        "narHash": "sha256-AYLxdLukuWXJREYupBiAXRk9PGX1qA7w/5adKMlNpTo=",
        "ref": "refs/heads/main",
        "rev": "c2cbc214d5f6d45cfa171b8ed6ea7a670a5cbdab",
        "revCount": 7762,
        "type": "git",
        "url": "ssh://git@github.com/mitchellh/ghostty"
      },
      "original": {
        "type": "git",
        "url": "ssh://git@github.com/mitchellh/ghostty"
      }
    },
    "home-manager": {
      "inputs": {
        "nixpkgs": [
          "nixpkgs"
        ]
      },
      "locked": {
        "lastModified": 1729459288,
        "narHash": "sha256-gBOVJv+q6Mx8jGvwX7cE6J8+sZmi1uxpRVsO7WxvVuQ=",
        "owner": "nix-community",
        "repo": "home-manager",
        "rev": "1e27f213d77fc842603628bcf2df6681d7d08f7e",
        "type": "github"
      },
      "original": {
        "owner": "nix-community",
        "repo": "home-manager",
        "type": "github"
      }
    },
    "nixpkgs": {
      "locked": {
        "lastModified": 1729265718,
        "narHash": "sha256-4HQI+6LsO3kpWTYuVGIzhJs1cetFcwT7quWCk/6rqeo=",
        "owner": "nixos",
        "repo": "nixpkgs",
        "rev": "ccc0c2126893dd20963580b6478d1a10a4512185",
        "type": "github"
      },
      "original": {
        "owner": "nixos",
        "ref": "nixpkgs-unstable",
        "repo": "nixpkgs",
        "type": "github"
      }
    },
    "nixpkgs-stable": {
      "locked": {
        "lastModified": 1726062281,
        "narHash": "sha256-PyFVySdGj3enKqm8RQuo4v1KLJLmNLOq2yYOHsI6e2Q=",
        "owner": "nixos",
        "repo": "nixpkgs",
        "rev": "e65aa8301ba4f0ab8cb98f944c14aa9da07394f8",
        "type": "github"
      },
      "original": {
        "owner": "nixos",
        "ref": "release-24.05",
        "repo": "nixpkgs",
        "type": "github"
      }
    },
    "nixpkgs-stable_2": {
      "locked": {
        "lastModified": 1729307008,
        "narHash": "sha256-QUvb6epgKi9pCu9CttRQW4y5NqJ+snKr1FZpG/x3Wtc=",
        "owner": "nixos",
        "repo": "nixpkgs",
        "rev": "a9b86fc2290b69375c5542b622088eb6eca2a7c3",
        "type": "github"
      },
      "original": {
        "owner": "nixos",
        "ref": "nixos-24.05",
        "repo": "nixpkgs",
        "type": "github"
      }
    },
    "nixpkgs-stable_3": {
      "locked": {
        "lastModified": 1729357638,
        "narHash": "sha256-66RHecx+zohbZwJVEPF7uuwHeqf8rykZTMCTqIrOew4=",
        "owner": "NixOS",
        "repo": "nixpkgs",
        "rev": "bb8c2cf7ea0dd2e18a52746b2c3a5b0c73b93c22",
        "type": "github"
      },
      "original": {
        "owner": "NixOS",
        "ref": "release-24.05",
        "repo": "nixpkgs",
        "type": "github"
      }
    },
    "nixpkgs-unstable": {
      "locked": {
        "lastModified": 1719082008,
        "narHash": "sha256-jHJSUH619zBQ6WdC21fFAlDxHErKVDJ5fpN0Hgx4sjs=",
        "owner": "nixos",
        "repo": "nixpkgs",
        "rev": "9693852a2070b398ee123a329e68f0dab5526681",
        "type": "github"
      },
      "original": {
        "owner": "nixos",
        "ref": "nixpkgs-unstable",
        "repo": "nixpkgs",
        "type": "github"
      }
    },
    "nur": {
      "locked": {
        "lastModified": 1729525671,
        "narHash": "sha256-/pZSi3LBtztMfOJti72FOj3OBJvsCb1N/d9Jl5L04fI=",
        "owner": "nix-community",
        "repo": "nur",
        "rev": "305d127d2f03fb412de348455a3175df9e66cd04",
        "type": "github"
      },
      "original": {
        "owner": "nix-community",
        "repo": "nur",
        "type": "github"
      }
    },
    "root": {
      "inputs": {
        "darwin": "darwin",
        "disko": "disko",
        "dotfiles-private": "dotfiles-private",
        "ghostty": "ghostty",
        "home-manager": "home-manager",
        "nixpkgs": "nixpkgs",
        "nixpkgs-stable": "nixpkgs-stable_2",
        "nur": "nur",
        "sops-nix": "sops-nix"
      }
    },
    "sops-nix": {
      "inputs": {
        "nixpkgs": [
          "nixpkgs"
        ],
        "nixpkgs-stable": "nixpkgs-stable_3"
      },
      "locked": {
        "lastModified": 1729394972,
        "narHash": "sha256-fADlzOzcSaGsrO+THUZ8SgckMMc7bMQftztKFCLVcFI=",
        "owner": "Mic92",
        "repo": "sops-nix",
        "rev": "c504fd7ac946d7a1b17944d73b261ca0a0b226a5",
        "type": "github"
      },
      "original": {
        "owner": "Mic92",
        "repo": "sops-nix",
        "type": "github"
      }
    },
    "systems": {
      "locked": {
        "lastModified": 1681028828,
        "narHash": "sha256-Vy1rq5AaRuLzOxct8nz4T6wlgyUR7zLU309k9mBC768=",
        "owner": "nix-systems",
        "repo": "default",
        "rev": "da67096a3b9bf56a91d16901293e51ba5b49a27e",
        "type": "github"
      },
      "original": {
        "owner": "nix-systems",
        "repo": "default",
        "type": "github"
      }
    },
    "zig": {
      "inputs": {
        "flake-compat": [
          "ghostty"
        ],
        "flake-utils": "flake-utils",
        "nixpkgs": [
          "ghostty",
          "nixpkgs-stable"
        ]
      },
      "locked": {
        "lastModified": 1717848532,
        "narHash": "sha256-d+xIUvSTreHl8pAmU1fnmkfDTGQYCn2Rb/zOwByxS2M=",
        "owner": "mitchellh",
        "repo": "zig-overlay",
        "rev": "02fc5cc555fc14fda40c42d7c3250efa43812b43",
        "type": "github"
      },
      "original": {
        "owner": "mitchellh",
        "repo": "zig-overlay",
        "type": "github"
      }
    }
  },
  "root": "root",
  "version": 7
}
